
Microsoft Visual Studio Solution File, Format Version 12.00
# Visual Studio 15
VisualStudioVersion = 15.0.28307.960
MinimumVisualStudioVersion = 10.0.40219.1
Project("{FAE04EC0-301F-11D3-BF4B-00C04F79EFBC}") = "HadiesWardrobe", "HadiesWardrobe\HadiesWardrobe.csproj", "{B931A6D4-6D49-4EDF-9630-E38F46DE9D50}"
EndProject
Global
	GlobalSection(SolutionConfigurationPlatforms) = preSolution
		Debug|Any CPU = Debug|Any CPU
		Release|Any CPU = Release|Any CPU
	EndGlobalSection
	GlobalSection(ProjectConfigurationPlatforms) = postSolution
		{B931A6D4-6D49-4EDF-9630-E38F46DE9D50}.Debug|Any CPU.ActiveCfg = Debug|Any CPU
		{B931A6D4-6D49-4EDF-9630-E38F46DE9D50}.Debug|Any CPU.Build.0 = Debug|Any CPU
		{B931A6D4-6D49-4EDF-9630-E38F46DE9D50}.Release|Any CPU.ActiveCfg = Release|Any CPU
		{B931A6D4-6D49-4EDF-9630-E38F46DE9D50}.Release|Any CPU.Build.0 = Release|Any CPU
	EndGlobalSection
	GlobalSection(SolutionProperties) = preSolution
		HideSolutionNode = FALSE
	EndGlobalSection
	GlobalSection(ExtensibilityGlobals) = postSolution
		SolutionGuid = {010F075E-45B5-4768-BC46-7F3A944A2E7A}
	EndGlobalSection
EndGlobal
